
Microsoft Visual Studio Solution File, Format Version 12.00
# Visual Studio Version 16
VisualStudioVersion = 16.0.31129.286
MinimumVisualStudioVersion = 10.0.40219.1
Project("{FAE04EC0-301F-11D3-BF4B-00C04F79EFBC}") = "NumberSorter", "NumberSorter\NumberSorter.csproj", "{B5D283A3-D1CC-497E-A6C0-72E950E93F45}"
EndProject
Global
	GlobalSection(SolutionConfigurationPlatforms) = preSolution
		Debug|Any CPU = Debug|Any CPU
		Release|Any CPU = Release|Any CPU
	EndGlobalSection
	GlobalSection(ProjectConfigurationPlatforms) = postSolution
		{B5D283A3-D1CC-497E-A6C0-72E950E93F45}.Debug|Any CPU.ActiveCfg = Debug|Any CPU
		{B5D283A3-D1CC-497E-A6C0-72E950E93F45}.Debug|Any CPU.Build.0 = Debug|Any CPU
		{B5D283A3-D1CC-497E-A6C0-72E950E93F45}.Release|Any CPU.ActiveCfg = Release|Any CPU
		{B5D283A3-D1CC-497E-A6C0-72E950E93F45}.Release|Any CPU.Build.0 = Release|Any CPU
	EndGlobalSection
	GlobalSection(SolutionProperties) = preSolution
		HideSolutionNode = FALSE
	EndGlobalSection
	GlobalSection(ExtensibilityGlobals) = postSolution
		SolutionGuid = {23195718-AABE-489A-816F-9336B455D33F}
	EndGlobalSection
EndGlobal
